
Microsoft Visual Studio Solution File, Format Version 12.00
# Visual Studio 15
VisualStudioVersion = 15.0.28307.1831
MinimumVisualStudioVersion = 10.0.40219.1
Project("{FAE04EC0-301F-11D3-BF4B-00C04F79EFBC}") = "Graphic Package finall", "Graphic Package finall\Graphic Package finall.csproj", "{833DFCC8-7514-4BCE-9E58-A155114E1CD6}"
EndProject
Global
	GlobalSection(SolutionConfigurationPlatforms) = preSolution
		Debug|Any CPU = Debug|Any CPU
		Release|Any CPU = Release|Any CPU
	EndGlobalSection
	GlobalSection(ProjectConfigurationPlatforms) = postSolution
		{833DFCC8-7514-4BCE-9E58-A155114E1CD6}.Debug|Any CPU.ActiveCfg = Debug|Any CPU
		{833DFCC8-7514-4BCE-9E58-A155114E1CD6}.Debug|Any CPU.Build.0 = Debug|Any CPU
		{833DFCC8-7514-4BCE-9E58-A155114E1CD6}.Release|Any CPU.ActiveCfg = Release|Any CPU
		{833DFCC8-7514-4BCE-9E58-A155114E1CD6}.Release|Any CPU.Build.0 = Release|Any CPU
	EndGlobalSection
	GlobalSection(SolutionProperties) = preSolution
		HideSolutionNode = FALSE
	EndGlobalSection
	GlobalSection(ExtensibilityGlobals) = postSolution
		SolutionGuid = {C79F17E4-B1D7-4E06-A219-8967D24EC9AC}
	EndGlobalSection
EndGlobal
